
Microsoft Visual Studio Solution File, Format Version 12.00
# Visual Studio Version 17
VisualStudioVersion = 17.2.32630.192
MinimumVisualStudioVersion = 10.0.40219.1
Project("{9A19103F-16F7-4668-BE54-9A1E7A4F7556}") = "KafkaProducerApp", "KafkaProducerApp\KafkaProducerApp.csproj", "{3E7A140E-0D13-402B-9C26-0967991C1B4B}"
EndProject
Project("{FAE04EC0-301F-11D3-BF4B-00C04F79EFBC}") = "KafkaConsumerApp", "KafkaConsumerApp\KafkaConsumerApp.csproj", "{4BB1770B-C98F-428C-BE1A-4EC2F98DB3AD}"
EndProject
Global
	GlobalSection(SolutionConfigurationPlatforms) = preSolution
		Debug|Any CPU = Debug|Any CPU
		Release|Any CPU = Release|Any CPU
	EndGlobalSection
	GlobalSection(ProjectConfigurationPlatforms) = postSolution
		{3E7A140E-0D13-402B-9C26-0967991C1B4B}.Debug|Any CPU.ActiveCfg = Debug|Any CPU
		{3E7A140E-0D13-402B-9C26-0967991C1B4B}.Debug|Any CPU.Build.0 = Debug|Any CPU
		{3E7A140E-0D13-402B-9C26-0967991C1B4B}.Release|Any CPU.ActiveCfg = Release|Any CPU
		{3E7A140E-0D13-402B-9C26-0967991C1B4B}.Release|Any CPU.Build.0 = Release|Any CPU
		{4BB1770B-C98F-428C-BE1A-4EC2F98DB3AD}.Debug|Any CPU.ActiveCfg = Debug|Any CPU
		{4BB1770B-C98F-428C-BE1A-4EC2F98DB3AD}.Debug|Any CPU.Build.0 = Debug|Any CPU
		{4BB1770B-C98F-428C-BE1A-4EC2F98DB3AD}.Release|Any CPU.ActiveCfg = Release|Any CPU
		{4BB1770B-C98F-428C-BE1A-4EC2F98DB3AD}.Release|Any CPU.Build.0 = Release|Any CPU
	EndGlobalSection
	GlobalSection(SolutionProperties) = preSolution
		HideSolutionNode = FALSE
	EndGlobalSection
	GlobalSection(ExtensibilityGlobals) = postSolution
		SolutionGuid = {61245323-69BA-4558-B74B-AD5FDDFE7168}
	EndGlobalSection
EndGlobal
